
Microsoft Visual Studio Solution File, Format Version 12.00
# Visual Studio Version 17
VisualStudioVersion = 17.5.33502.453
MinimumVisualStudioVersion = 10.0.40219.1
Project("{8BC9CEB8-8B4A-11D0-8D11-00A0C91BC942}") = "Pertemuan5KelasC", "Pertemuan5KelasC\Pertemuan5KelasC.vcxproj", "{0759846D-755D-4CC3-8231-0501502C5716}"
EndProject
Project("{8BC9CEB8-8B4A-11D0-8D11-00A0C91BC942}") = "Latihan2", "Latihan2\Latihan2.vcxproj", "{771D97D2-3A6E-4EF0-8AA8-3C7A95E02A1F}"
EndProject
Global
	GlobalSection(SolutionConfigurationPlatforms) = preSolution
		Debug|x64 = Debug|x64
		Debug|x86 = Debug|x86
		Release|x64 = Release|x64
		Release|x86 = Release|x86
	EndGlobalSection
	GlobalSection(ProjectConfigurationPlatforms) = postSolution
		{0759846D-755D-4CC3-8231-0501502C5716}.Debug|x64.ActiveCfg = Debug|x64
		{0759846D-755D-4CC3-8231-0501502C5716}.Debug|x64.Build.0 = Debug|x64
		{0759846D-755D-4CC3-8231-0501502C5716}.Debug|x86.ActiveCfg = Debug|Win32
		{0759846D-755D-4CC3-8231-0501502C5716}.Debug|x86.Build.0 = Debug|Win32
		{0759846D-755D-4CC3-8231-0501502C5716}.Release|x64.ActiveCfg = Release|x64
		{0759846D-755D-4CC3-8231-0501502C5716}.Release|x64.Build.0 = Release|x64
		{0759846D-755D-4CC3-8231-0501502C5716}.Release|x86.ActiveCfg = Release|Win32
		{0759846D-755D-4CC3-8231-0501502C5716}.Release|x86.Build.0 = Release|Win32
		{771D97D2-3A6E-4EF0-8AA8-3C7A95E02A1F}.Debug|x64.ActiveCfg = Debug|x64
		{771D97D2-3A6E-4EF0-8AA8-3C7A95E02A1F}.Debug|x64.Build.0 = Debug|x64
		{771D97D2-3A6E-4EF0-8AA8-3C7A95E02A1F}.Debug|x86.ActiveCfg = Debug|Win32
		{771D97D2-3A6E-4EF0-8AA8-3C7A95E02A1F}.Debug|x86.Build.0 = Debug|Win32
		{771D97D2-3A6E-4EF0-8AA8-3C7A95E02A1F}.Release|x64.ActiveCfg = Release|x64
		{771D97D2-3A6E-4EF0-8AA8-3C7A95E02A1F}.Release|x64.Build.0 = Release|x64
		{771D97D2-3A6E-4EF0-8AA8-3C7A95E02A1F}.Release|x86.ActiveCfg = Release|Win32
		{771D97D2-3A6E-4EF0-8AA8-3C7A95E02A1F}.Release|x86.Build.0 = Release|Win32
	EndGlobalSection
	GlobalSection(SolutionProperties) = preSolution
		HideSolutionNode = FALSE
	EndGlobalSection
	GlobalSection(ExtensibilityGlobals) = postSolution
		SolutionGuid = {1F9F0970-DBFB-47D3-B502-E500D6051863}
	EndGlobalSection
EndGlobal
